{
    "name": "node-red-contrib-vallox",
    "version": "0.1.0",
    "lockfileVersion": 2,
    "requires": true,
    "packages": {
        "": {
            "name": "node-red-contrib-vallox",
            "version": "0.1.0",
            "license": "MIT",
            "engines": {
                "node": ">=7.6.0"
            }
        }
    }
}
